{
  "nodes": {
    "flake-compat": {
      "flake": false,
      "locked": {
        "lastModified": 1767039857,
        "narHash": "sha256-vNpUSpF5Nuw8xvDLj2KCwwksIbjua2LZCqhV1LNRDns=",
        "owner": "edolstra",
        "repo": "flake-compat",
        "rev": "5edf11c44bc78a0d334f6334cdaf7d60d732daab",
        "type": "github"
      },
      "original": {
        "owner": "edolstra",
        "repo": "flake-compat",
        "type": "github"
      }
    },
    "home-manager": {
      "inputs": {
        "nixpkgs": [
          "nixpkgs"
        ]
      },
      "locked": {
        "lastModified": 1783823409,
        "narHash": "sha256-OI4IkRjRXa1e7hYmCGJDPDq5H/kPwhsyoS80cNUF9fI=",
        "owner": "nix-community",
        "repo": "home-manager",
        "rev": "7566825d4652a1b885bd4ce65bd9e8def432fec9",
        "type": "github"
      },
      "original": {
        "owner": "nix-community",
        "ref": "master",
        "repo": "home-manager",
        "type": "github"
      }
    },
    "mkdev": {
      "inputs": {
        "nixpkgs": [
          "nixpkgs"
        ]
      },
      "locked": {
        "lastModified": 1779390445,
        "narHash": "sha256-JlxlAhp5BubnypualmAKJqqz53rv2U4fAgWk957mTqI=",
        "owner": "4jamesccraven",
        "repo": "mkdev",
        "rev": "7cd441144fc363438c016f5fcdab070680c416f3",
        "type": "github"
      },
      "original": {
        "owner": "4jamesccraven",
        "repo": "mkdev",
        "type": "github"
      }
    },
    "nixos-wsl": {
      "inputs": {
        "flake-compat": "flake-compat",
        "nixpkgs": "nixpkgs"
      },
      "locked": {
        "lastModified": 1783897948,
        "narHash": "sha256-wusXpttNJn7SvUMvGLpNuJgcwIIkMwlWNnasPPxpftg=",
        "owner": "nix-community",
        "repo": "NixOS-WSL",
        "rev": "7348d3f38ab1bd6abe156a923fab6f43656b168f",
        "type": "github"
      },
      "original": {
        "owner": "nix-community",
        "ref": "main",
        "repo": "NixOS-WSL",
        "type": "github"
      }
    },
    "nixpkgs": {
      "locked": {
        "lastModified": 1783224372,
        "narHash": "sha256-8i/87eeoqiGE4yOTjwSA3Eh/ziJRQEmd/unYU+K27sk=",
        "owner": "NixOS",
        "repo": "nixpkgs",
        "rev": "d407951447dcd00442e97087bf374aad70c04cea",
        "type": "github"
      },
      "original": {
        "owner": "NixOS",
        "ref": "nixos-unstable",
        "repo": "nixpkgs",
        "type": "github"
      }
    },
    "nixpkgs_2": {
      "locked": {
        "lastModified": 1783816212,
        "narHash": "sha256-M2X3JTJp7ktX73uVDEAm0Rws2A/xljf4Cu1ojd/o8pU=",
        "rev": "3b32825de172d0bc85664f495edb096b10862524",
        "type": "tarball",
        "url": "https://releases.nixos.org/nixpkgs/nixpkgs-26.11pre1033157.3b32825de172/nixexprs.tar.xz"
      },
      "original": {
        "type": "tarball",
        "url": "https://channels.nixos.org/nixpkgs-unstable/nixexprs.tar.xz"
      }
    },
    "ns": {
      "inputs": {
        "nixpkgs": [
          "nixpkgs"
        ]
      },
      "locked": {
        "lastModified": 1777002215,
        "narHash": "sha256-fl3zSif/q5CzDw+WuSjsSaKONuKkAATplTn8CI2YGOk=",
        "owner": "4jamesccraven",
        "repo": "ns",
        "rev": "ecd73833a931625545db1e2ad30b837d36aa5702",
        "type": "github"
      },
      "original": {
        "owner": "4jamesccraven",
        "repo": "ns",
        "type": "github"
      }
    },
    "root": {
      "inputs": {
        "home-manager": "home-manager",
        "mkdev": "mkdev",
        "nixos-wsl": "nixos-wsl",
        "nixpkgs": "nixpkgs_2",
        "ns": "ns"
      }
    }
  },
  "root": "root",
  "version": 7
}
