{
  "nodes": {
    "egress": {
      "inputs": {
        "nixpkgs": "nixpkgs"
      },
      "locked": {
        "lastModified": 1787946886,
        "narHash": "sha256-AQrmfEwboHyGwrEeyT3sQNGCxXQSr3KWXtBIcYWwFH0=",
        "owner": "4jamesccraven",
        "repo": "egress",
        "rev": "0223c48499a94c9ff8e5f4eb64eaa4901b1ae476",
        "type": "github"
      },
      "original": {
        "owner": "4jamesccraven",
        "repo": "egress",
        "type": "github"
      }
    },
    "flake-compat": {
      "flake": false,
      "locked": {
        "lastModified": 1767039857,
        "narHash": "sha256-vNpUSpF5Nuw8xvDLj2KCwwksIbjua2LZCqhV1LNRDns=",
        "owner": "edolstra",
        "repo": "flake-compat",
        "rev": "5edf11c44bc78a0d334f6334cdaf7d60d732daab",
        "type": "github"
      },
      "original": {
        "owner": "edolstra",
        "repo": "flake-compat",
        "type": "github"
      }
    },
    "home-manager": {
      "inputs": {
        "nixpkgs": [
          "nixpkgs"
        ]
      },
      "locked": {
        "lastModified": 1790292277,
        "narHash": "sha256-z+knvdMItRrMonmG4RIsqKYIa/hwYUzKjotDTfC5DDc=",
        "owner": "nix-community",
        "repo": "home-manager",
        "rev": "4b9add8645d5e2b0f7de18f7a442d08fe2bdcc91",
        "type": "github"
      },
      "original": {
        "owner": "nix-community",
        "repo": "home-manager",
        "type": "github"
      }
    },
    "mkdev": {
      "inputs": {
        "nixpkgs": [
          "nixpkgs"
        ]
      },
      "locked": {
        "lastModified": 1779390445,
        "narHash": "sha256-JlxlAhp5BubnypualmAKJqqz53rv2U4fAgWk957mTqI=",
        "owner": "4jamesccraven",
        "repo": "mkdev",
        "rev": "7cd441144fc363438c016f5fcdab070680c416f3",
        "type": "github"
      },
      "original": {
        "owner": "4jamesccraven",
        "repo": "mkdev",
        "type": "github"
      }
    },
    "nixos-wsl": {
      "inputs": {
        "flake-compat": "flake-compat",
        "nixpkgs": [
          "nixpkgs"
        ]
      },
      "locked": {
        "lastModified": 1789164534,
        "narHash": "sha256-DoYGPM6QpnYBLWj9gGw6ZwAzIX+HrAVov1BoT+8Jixo=",
        "owner": "nix-community",
        "repo": "NixOS-WSL",
        "rev": "72c92b11bb8289e6651c7fef29cc0a885fd6a255",
        "type": "github"
      },
      "original": {
        "owner": "nix-community",
        "repo": "NixOS-WSL",
        "type": "github"
      }
    },
    "nixpkgs": {
      "locked": {
        "lastModified": 1787172299,
        "narHash": "sha256-LS/aXgJh+/1UgtrOxdS5Wum/PgmQYa1AMFZHdH+xGyo=",
        "rev": "07e1d92cdc0ed416cfa11ff3ca40d17e61cfba7a",
        "type": "tarball",
        "url": "https://releases.nixos.org/nixpkgs/nixpkgs-26.11pre1058374.07e1d92cdc0e/nixexprs.tar.xz"
      },
      "original": {
        "type": "tarball",
        "url": "https://nixos.org/channels/nixpkgs-unstable/nixexprs.tar.xz"
      }
    },
    "nixpkgs_2": {
      "locked": {
        "lastModified": 1790238896,
        "narHash": "sha256-nuO5fxDxKTeYxSEfD4mVB+XwzOy5qj9T2LxVc5vk4Bc=",
        "rev": "34ca302a9572963c02e385c056be37c85ff51b77",
        "type": "tarball",
        "url": "https://releases.nixos.org/nixpkgs/nixpkgs-26.11pre1078969.34ca302a9572/nixexprs.tar.xz"
      },
      "original": {
        "type": "tarball",
        "url": "https://channels.nixos.org/nixpkgs-unstable/nixexprs.tar.xz"
      }
    },
    "ns": {
      "inputs": {
        "nixpkgs": [
          "nixpkgs"
        ]
      },
      "locked": {
        "lastModified": 1789304765,
        "narHash": "sha256-s3r9huyU7EDnIflJgdlgYAhMWFzla+u6EOWD+M0h+wE=",
        "owner": "4jamesccraven",
        "repo": "ns",
        "rev": "0bc43f4b9f30de68ed437a960002a81b3719e33a",
        "type": "github"
      },
      "original": {
        "owner": "4jamesccraven",
        "repo": "ns",
        "type": "github"
      }
    },
    "root": {
      "inputs": {
        "egress": "egress",
        "home-manager": "home-manager",
        "mkdev": "mkdev",
        "nixos-wsl": "nixos-wsl",
        "nixpkgs": "nixpkgs_2",
        "ns": "ns"
      }
    }
  },
  "root": "root",
  "version": 7
}
